
Microsoft Visual Studio Solution File, Format Version 12.00
# Visual Studio 15
VisualStudioVersion = 15.0.26124.0
MinimumVisualStudioVersion = 15.0.26124.0
Project("{FAE04EC0-301F-11D3-BF4B-00C04F79EFBC}") = "HMSD.EncryptionService", "HMSD.EncryptionService\HMSD.EncryptionService.csproj", "{1ACE3FA2-5FBE-4A5E-B118-5B4AC8B15BD4}"
EndProject
Project("{FAE04EC0-301F-11D3-BF4B-00C04F79EFBC}") = "HMSD.EncryptionService.Tests", "HMSD.EncryptionService.Tests\HMSD.EncryptionService.Tests.csproj", "{D5625F54-987D-47A6-BEDF-CDE29CDBBFC5}"
EndProject
Project("{FAE04EC0-301F-11D3-BF4B-00C04F79EFBC}") = "HMSD.APIGateway", "HMSD.APIGateway\HMSD.APIGateway.csproj", "{F4EC9280-D646-411E-B70A-32A180D2C8C4}"
EndProject
Global
	GlobalSection(SolutionConfigurationPlatforms) = preSolution
		Debug|Any CPU = Debug|Any CPU
		Debug|x64 = Debug|x64
		Debug|x86 = Debug|x86
		Release|Any CPU = Release|Any CPU
		Release|x64 = Release|x64
		Release|x86 = Release|x86
	EndGlobalSection
	GlobalSection(SolutionProperties) = preSolution
		HideSolutionNode = FALSE
	EndGlobalSection
	GlobalSection(ProjectConfigurationPlatforms) = postSolution
		{1ACE3FA2-5FBE-4A5E-B118-5B4AC8B15BD4}.Debug|Any CPU.ActiveCfg = Debug|Any CPU
		{1ACE3FA2-5FBE-4A5E-B118-5B4AC8B15BD4}.Debug|Any CPU.Build.0 = Debug|Any CPU
		{1ACE3FA2-5FBE-4A5E-B118-5B4AC8B15BD4}.Debug|x64.ActiveCfg = Debug|Any CPU
		{1ACE3FA2-5FBE-4A5E-B118-5B4AC8B15BD4}.Debug|x64.Build.0 = Debug|Any CPU
		{1ACE3FA2-5FBE-4A5E-B118-5B4AC8B15BD4}.Debug|x86.ActiveCfg = Debug|Any CPU
		{1ACE3FA2-5FBE-4A5E-B118-5B4AC8B15BD4}.Debug|x86.Build.0 = Debug|Any CPU
		{1ACE3FA2-5FBE-4A5E-B118-5B4AC8B15BD4}.Release|Any CPU.ActiveCfg = Release|Any CPU
		{1ACE3FA2-5FBE-4A5E-B118-5B4AC8B15BD4}.Release|Any CPU.Build.0 = Release|Any CPU
		{1ACE3FA2-5FBE-4A5E-B118-5B4AC8B15BD4}.Release|x64.ActiveCfg = Release|Any CPU
		{1ACE3FA2-5FBE-4A5E-B118-5B4AC8B15BD4}.Release|x64.Build.0 = Release|Any CPU
		{1ACE3FA2-5FBE-4A5E-B118-5B4AC8B15BD4}.Release|x86.ActiveCfg = Release|Any CPU
		{1ACE3FA2-5FBE-4A5E-B118-5B4AC8B15BD4}.Release|x86.Build.0 = Release|Any CPU
		{D5625F54-987D-47A6-BEDF-CDE29CDBBFC5}.Debug|Any CPU.ActiveCfg = Debug|Any CPU
		{D5625F54-987D-47A6-BEDF-CDE29CDBBFC5}.Debug|Any CPU.Build.0 = Debug|Any CPU
		{D5625F54-987D-47A6-BEDF-CDE29CDBBFC5}.Debug|x64.ActiveCfg = Debug|Any CPU
		{D5625F54-987D-47A6-BEDF-CDE29CDBBFC5}.Debug|x64.Build.0 = Debug|Any CPU
		{D5625F54-987D-47A6-BEDF-CDE29CDBBFC5}.Debug|x86.ActiveCfg = Debug|Any CPU
		{D5625F54-987D-47A6-BEDF-CDE29CDBBFC5}.Debug|x86.Build.0 = Debug|Any CPU
		{D5625F54-987D-47A6-BEDF-CDE29CDBBFC5}.Release|Any CPU.ActiveCfg = Release|Any CPU
		{D5625F54-987D-47A6-BEDF-CDE29CDBBFC5}.Release|Any CPU.Build.0 = Release|Any CPU
		{D5625F54-987D-47A6-BEDF-CDE29CDBBFC5}.Release|x64.ActiveCfg = Release|Any CPU
		{D5625F54-987D-47A6-BEDF-CDE29CDBBFC5}.Release|x64.Build.0 = Release|Any CPU
		{D5625F54-987D-47A6-BEDF-CDE29CDBBFC5}.Release|x86.ActiveCfg = Release|Any CPU
		{D5625F54-987D-47A6-BEDF-CDE29CDBBFC5}.Release|x86.Build.0 = Release|Any CPU
		{F4EC9280-D646-411E-B70A-32A180D2C8C4}.Debug|Any CPU.ActiveCfg = Debug|Any CPU
		{F4EC9280-D646-411E-B70A-32A180D2C8C4}.Debug|Any CPU.Build.0 = Debug|Any CPU
		{F4EC9280-D646-411E-B70A-32A180D2C8C4}.Debug|x64.ActiveCfg = Debug|Any CPU
		{F4EC9280-D646-411E-B70A-32A180D2C8C4}.Debug|x64.Build.0 = Debug|Any CPU
		{F4EC9280-D646-411E-B70A-32A180D2C8C4}.Debug|x86.ActiveCfg = Debug|Any CPU
		{F4EC9280-D646-411E-B70A-32A180D2C8C4}.Debug|x86.Build.0 = Debug|Any CPU
		{F4EC9280-D646-411E-B70A-32A180D2C8C4}.Release|Any CPU.ActiveCfg = Release|Any CPU
		{F4EC9280-D646-411E-B70A-32A180D2C8C4}.Release|Any CPU.Build.0 = Release|Any CPU
		{F4EC9280-D646-411E-B70A-32A180D2C8C4}.Release|x64.ActiveCfg = Release|Any CPU
		{F4EC9280-D646-411E-B70A-32A180D2C8C4}.Release|x64.Build.0 = Release|Any CPU
		{F4EC9280-D646-411E-B70A-32A180D2C8C4}.Release|x86.ActiveCfg = Release|Any CPU
		{F4EC9280-D646-411E-B70A-32A180D2C8C4}.Release|x86.Build.0 = Release|Any CPU
	EndGlobalSection
EndGlobal
